
Microsoft Visual Studio Solution File, Format Version 12.00
# Visual Studio 15
VisualStudioVersion = 15.0.28010.2048
MinimumVisualStudioVersion = 10.0.40219.1
Project("{FAE04EC0-301F-11D3-BF4B-00C04F79EFBC}") = "DesignPattern", "DesignPattern\DesignPattern.csproj", "{3988637B-4307-490F-A918-672C3F36D26A}"
EndProject
Global
	GlobalSection(SolutionConfigurationPlatforms) = preSolution
		Debug|Any CPU = Debug|Any CPU
		Release|Any CPU = Release|Any CPU
	EndGlobalSection
	GlobalSection(ProjectConfigurationPlatforms) = postSolution
		{3988637B-4307-490F-A918-672C3F36D26A}.Debug|Any CPU.ActiveCfg = Debug|Any CPU
		{3988637B-4307-490F-A918-672C3F36D26A}.Debug|Any CPU.Build.0 = Debug|Any CPU
		{3988637B-4307-490F-A918-672C3F36D26A}.Release|Any CPU.ActiveCfg = Release|Any CPU
		{3988637B-4307-490F-A918-672C3F36D26A}.Release|Any CPU.Build.0 = Release|Any CPU
	EndGlobalSection
	GlobalSection(SolutionProperties) = preSolution
		HideSolutionNode = FALSE
	EndGlobalSection
	GlobalSection(ExtensibilityGlobals) = postSolution
		SolutionGuid = {4FD77CE8-E9D9-4A53-99A5-10B58CDF2AB6}
	EndGlobalSection
EndGlobal
